# This is a Gradle generated file for dependency locking.
# Manual edits can break the build and are not advised.
# This file is expected to be part of source control.
io.opentelemetry.instrumentation:opentelemetry-instrumentation-api-caching:1.0.0+ai.patch.1-alpha
io.opentelemetry.instrumentation:opentelemetry-instrumentation-api:1.0.0+ai.patch.1-alpha
io.opentelemetry:opentelemetry-api:1.0.1
io.opentelemetry:opentelemetry-context:1.0.1
io.opentelemetry:opentelemetry-sdk-common:1.0.0
io.opentelemetry:opentelemetry-sdk-trace:1.0.0
io.opentelemetry:opentelemetry-sdk:1.0.0
io.opentelemetry:opentelemetry-semconv:1.0.1-alpha
org.slf4j:slf4j-api:1.7.26
